
Microsoft Visual Studio Solution File, Format Version 12.00
# Visual Studio Version 16
VisualStudioVersion = 16.0.31129.286
MinimumVisualStudioVersion = 10.0.40219.1
Project("{9A19103F-16F7-4668-BE54-9A1E7A4F7556}") = "Codeman.BikeRentingSystem.Core", "src\Core\Codeman.BikeRentingSystem.Core.csproj", "{BFBB2F08-4A20-4371-ADBF-02AC6FF4C281}"
EndProject
Project("{9A19103F-16F7-4668-BE54-9A1E7A4F7556}") = "Codeman.BikeRentingSystem.DataAccess", "src\DataAccess\Codeman.BikeRentingSystem.DataAccess.csproj", "{CF25BCF7-D41C-471F-A3BB-B4EEE0F3D4D0}"
EndProject
Project("{9A19103F-16F7-4668-BE54-9A1E7A4F7556}") = "Codeman.BikeRentingSystem.Shared", "src\Shared\Codeman.BikeRentingSystem.Shared.csproj", "{5BBE25B3-C90F-4F90-9A4A-8FDCAB83BDB4}"
EndProject
Project("{2150E333-8FDC-42A3-9474-1A3956D46DE8}") = "tests", "tests", "{FFD12303-5677-4A46-AC3B-F1B6E1D69152}"
EndProject
Project("{2150E333-8FDC-42A3-9474-1A3956D46DE8}") = "simulators", "simulators", "{61D653E8-55A4-4B53-AE40-D91B78FDE20A}"
EndProject
Project("{2150E333-8FDC-42A3-9474-1A3956D46DE8}") = "diagrams", "diagrams", "{439E5271-602F-442E-B51A-FF389550D882}"
	ProjectSection(SolutionItems) = preProject
		diagrams\ClassDiagram.png = diagrams\ClassDiagram.png
		diagrams\DatabaseDiagram.png = diagrams\DatabaseDiagram.png
	EndProjectSection
EndProject
Project("{2150E333-8FDC-42A3-9474-1A3956D46DE8}") = "src", "src", "{91BB25EE-D34E-4F64-B7F9-D0C009998C9D}"
EndProject
Project("{9A19103F-16F7-4668-BE54-9A1E7A4F7556}") = "Codeman.BikeRentingSystem.Api.Tests", "tests\Codeman.BikeRentingSystem.Api.Tests\Codeman.BikeRentingSystem.Api.Tests.csproj", "{E6D237E8-9E9F-4848-9382-7E91510EB9F7}"
EndProject
Project("{9A19103F-16F7-4668-BE54-9A1E7A4F7556}") = "Codeman.BikeRentingSystem.Core.Tests", "tests\Codeman.BikeRentingSystem.Core.Tests\Codeman.BikeRentingSystem.Core.Tests.csproj", "{722B2A31-BD44-4033-B25C-E5BC5F92CA36}"
EndProject
Project("{9A19103F-16F7-4668-BE54-9A1E7A4F7556}") = "Codeman.BikeRentingSystem.DataAccess.Tests", "tests\Codeman.BikeRentingSystem.DataAccess.Tests\Codeman.BikeRentingSystem.DataAccess.Tests.csproj", "{AEF7D9B3-2D70-434F-BBAE-64D980AF21AC}"
EndProject
Project("{9A19103F-16F7-4668-BE54-9A1E7A4F7556}") = "Codeman.BikeRentingSystem.TripSimulator", "simulators\Codeman.BikeRentingSystem.TripSimulator\Codeman.BikeRentingSystem.TripSimulator.csproj", "{A6A956FD-030F-4E00-8EAE-C6998F638A04}"
EndProject
Project("{9A19103F-16F7-4668-BE54-9A1E7A4F7556}") = "Codeman.BikeRentingSystem.Auth", "src\Auth\Codeman.BikeRentingSystem.Auth.csproj", "{D7470ABC-7A2E-425B-964D-4B8EFBC8D309}"
EndProject
Project("{9A19103F-16F7-4668-BE54-9A1E7A4F7556}") = "Codeman.BikeRentingSystem.Api", "src\Api\Codeman.BikeRentingSystem.Api.csproj", "{89682366-1DFF-4903-A91A-97C69EE42BE7}"
EndProject
Project("{9A19103F-16F7-4668-BE54-9A1E7A4F7556}") = "Codeman.BikeRentingSystem.Logger", "src\Logger\Codeman.BikeRentingSystem.Logger.csproj", "{13CFD7EA-BCDB-4772-AC67-39B0435ED7F4}"
EndProject
Project("{FAE04EC0-301F-11D3-BF4B-00C04F79EFBC}") = "Codeman.BikeRentingSystem.Auth.Tests", "tests\Codeman.BikeRentingSystem.Auth.Tests\Codeman.BikeRentingSystem.Auth.Tests.csproj", "{0EA452DE-A32E-4924-961A-7E48DBDA7025}"
EndProject
Global
	GlobalSection(SolutionConfigurationPlatforms) = preSolution
		Debug|Any CPU = Debug|Any CPU
		Release|Any CPU = Release|Any CPU
	EndGlobalSection
	GlobalSection(ProjectConfigurationPlatforms) = postSolution
		{BFBB2F08-4A20-4371-ADBF-02AC6FF4C281}.Debug|Any CPU.ActiveCfg = Debug|Any CPU
		{BFBB2F08-4A20-4371-ADBF-02AC6FF4C281}.Debug|Any CPU.Build.0 = Debug|Any CPU
		{BFBB2F08-4A20-4371-ADBF-02AC6FF4C281}.Release|Any CPU.ActiveCfg = Release|Any CPU
		{BFBB2F08-4A20-4371-ADBF-02AC6FF4C281}.Release|Any CPU.Build.0 = Release|Any CPU
		{CF25BCF7-D41C-471F-A3BB-B4EEE0F3D4D0}.Debug|Any CPU.ActiveCfg = Debug|Any CPU
		{CF25BCF7-D41C-471F-A3BB-B4EEE0F3D4D0}.Debug|Any CPU.Build.0 = Debug|Any CPU
		{CF25BCF7-D41C-471F-A3BB-B4EEE0F3D4D0}.Release|Any CPU.ActiveCfg = Release|Any CPU
		{CF25BCF7-D41C-471F-A3BB-B4EEE0F3D4D0}.Release|Any CPU.Build.0 = Release|Any CPU
		{5BBE25B3-C90F-4F90-9A4A-8FDCAB83BDB4}.Debug|Any CPU.ActiveCfg = Debug|Any CPU
		{5BBE25B3-C90F-4F90-9A4A-8FDCAB83BDB4}.Debug|Any CPU.Build.0 = Debug|Any CPU
		{5BBE25B3-C90F-4F90-9A4A-8FDCAB83BDB4}.Release|Any CPU.ActiveCfg = Release|Any CPU
		{5BBE25B3-C90F-4F90-9A4A-8FDCAB83BDB4}.Release|Any CPU.Build.0 = Release|Any CPU
		{E6D237E8-9E9F-4848-9382-7E91510EB9F7}.Debug|Any CPU.ActiveCfg = Debug|Any CPU
		{E6D237E8-9E9F-4848-9382-7E91510EB9F7}.Debug|Any CPU.Build.0 = Debug|Any CPU
		{E6D237E8-9E9F-4848-9382-7E91510EB9F7}.Release|Any CPU.ActiveCfg = Release|Any CPU
		{E6D237E8-9E9F-4848-9382-7E91510EB9F7}.Release|Any CPU.Build.0 = Release|Any CPU
		{722B2A31-BD44-4033-B25C-E5BC5F92CA36}.Debug|Any CPU.ActiveCfg = Debug|Any CPU
		{722B2A31-BD44-4033-B25C-E5BC5F92CA36}.Debug|Any CPU.Build.0 = Debug|Any CPU
		{722B2A31-BD44-4033-B25C-E5BC5F92CA36}.Release|Any CPU.ActiveCfg = Release|Any CPU
		{722B2A31-BD44-4033-B25C-E5BC5F92CA36}.Release|Any CPU.Build.0 = Release|Any CPU
		{AEF7D9B3-2D70-434F-BBAE-64D980AF21AC}.Debug|Any CPU.ActiveCfg = Debug|Any CPU
		{AEF7D9B3-2D70-434F-BBAE-64D980AF21AC}.Debug|Any CPU.Build.0 = Debug|Any CPU
		{AEF7D9B3-2D70-434F-BBAE-64D980AF21AC}.Release|Any CPU.ActiveCfg = Release|Any CPU
		{AEF7D9B3-2D70-434F-BBAE-64D980AF21AC}.Release|Any CPU.Build.0 = Release|Any CPU
		{A6A956FD-030F-4E00-8EAE-C6998F638A04}.Debug|Any CPU.ActiveCfg = Debug|Any CPU
		{A6A956FD-030F-4E00-8EAE-C6998F638A04}.Debug|Any CPU.Build.0 = Debug|Any CPU
		{A6A956FD-030F-4E00-8EAE-C6998F638A04}.Release|Any CPU.ActiveCfg = Release|Any CPU
		{A6A956FD-030F-4E00-8EAE-C6998F638A04}.Release|Any CPU.Build.0 = Release|Any CPU
		{D7470ABC-7A2E-425B-964D-4B8EFBC8D309}.Debug|Any CPU.ActiveCfg = Debug|Any CPU
		{D7470ABC-7A2E-425B-964D-4B8EFBC8D309}.Debug|Any CPU.Build.0 = Debug|Any CPU
		{D7470ABC-7A2E-425B-964D-4B8EFBC8D309}.Release|Any CPU.ActiveCfg = Release|Any CPU
		{D7470ABC-7A2E-425B-964D-4B8EFBC8D309}.Release|Any CPU.Build.0 = Release|Any CPU
		{89682366-1DFF-4903-A91A-97C69EE42BE7}.Debug|Any CPU.ActiveCfg = Debug|Any CPU
		{89682366-1DFF-4903-A91A-97C69EE42BE7}.Debug|Any CPU.Build.0 = Debug|Any CPU
		{89682366-1DFF-4903-A91A-97C69EE42BE7}.Release|Any CPU.ActiveCfg = Release|Any CPU
		{89682366-1DFF-4903-A91A-97C69EE42BE7}.Release|Any CPU.Build.0 = Release|Any CPU
		{13CFD7EA-BCDB-4772-AC67-39B0435ED7F4}.Debug|Any CPU.ActiveCfg = Debug|Any CPU
		{13CFD7EA-BCDB-4772-AC67-39B0435ED7F4}.Debug|Any CPU.Build.0 = Debug|Any CPU
		{13CFD7EA-BCDB-4772-AC67-39B0435ED7F4}.Release|Any CPU.ActiveCfg = Release|Any CPU
		{13CFD7EA-BCDB-4772-AC67-39B0435ED7F4}.Release|Any CPU.Build.0 = Release|Any CPU
		{0EA452DE-A32E-4924-961A-7E48DBDA7025}.Debug|Any CPU.ActiveCfg = Debug|Any CPU
		{0EA452DE-A32E-4924-961A-7E48DBDA7025}.Debug|Any CPU.Build.0 = Debug|Any CPU
		{0EA452DE-A32E-4924-961A-7E48DBDA7025}.Release|Any CPU.ActiveCfg = Release|Any CPU
		{0EA452DE-A32E-4924-961A-7E48DBDA7025}.Release|Any CPU.Build.0 = Release|Any CPU
	EndGlobalSection
	GlobalSection(SolutionProperties) = preSolution
		HideSolutionNode = FALSE
	EndGlobalSection
	GlobalSection(NestedProjects) = preSolution
		{BFBB2F08-4A20-4371-ADBF-02AC6FF4C281} = {91BB25EE-D34E-4F64-B7F9-D0C009998C9D}
		{CF25BCF7-D41C-471F-A3BB-B4EEE0F3D4D0} = {91BB25EE-D34E-4F64-B7F9-D0C009998C9D}
		{5BBE25B3-C90F-4F90-9A4A-8FDCAB83BDB4} = {91BB25EE-D34E-4F64-B7F9-D0C009998C9D}
		{E6D237E8-9E9F-4848-9382-7E91510EB9F7} = {FFD12303-5677-4A46-AC3B-F1B6E1D69152}
		{722B2A31-BD44-4033-B25C-E5BC5F92CA36} = {FFD12303-5677-4A46-AC3B-F1B6E1D69152}
		{AEF7D9B3-2D70-434F-BBAE-64D980AF21AC} = {FFD12303-5677-4A46-AC3B-F1B6E1D69152}
		{A6A956FD-030F-4E00-8EAE-C6998F638A04} = {61D653E8-55A4-4B53-AE40-D91B78FDE20A}
		{D7470ABC-7A2E-425B-964D-4B8EFBC8D309} = {91BB25EE-D34E-4F64-B7F9-D0C009998C9D}
		{89682366-1DFF-4903-A91A-97C69EE42BE7} = {91BB25EE-D34E-4F64-B7F9-D0C009998C9D}
		{13CFD7EA-BCDB-4772-AC67-39B0435ED7F4} = {91BB25EE-D34E-4F64-B7F9-D0C009998C9D}
		{0EA452DE-A32E-4924-961A-7E48DBDA7025} = {FFD12303-5677-4A46-AC3B-F1B6E1D69152}
	EndGlobalSection
	GlobalSection(ExtensibilityGlobals) = postSolution
		SolutionGuid = {288A9FF4-9B72-4735-9549-70AE993E7AED}
	EndGlobalSection
EndGlobal
